
Microsoft Visual Studio Solution File, Format Version 12.00
# Visual Studio Version 16
VisualStudioVersion = 16.0.32002.261
MinimumVisualStudioVersion = 10.0.40219.1
Project("{2150E333-8FDC-42A3-9474-1A3956D46DE8}") = "Services", "Services", "{2A35E943-DCCF-421F-8FD5-D13EE3AE907F}"
EndProject
Project("{2150E333-8FDC-42A3-9474-1A3956D46DE8}") = "Catalog", "Catalog", "{511C1A7E-1897-4845-8A5E-B21B5988AA37}"
EndProject
Project("{9A19103F-16F7-4668-BE54-9A1E7A4F7556}") = "Catalog.API", "Services\Catalog\Catalog.API\Catalog.API.csproj", "{982715B9-BB77-4BFC-BA5A-64BDC1019B72}"
EndProject
Project("{E53339B2-1760-4266-BCC7-CA923CBCF16C}") = "docker-compose", "docker-compose.dcproj", "{0036D21B-D590-402C-9CC6-099612879F42}"
EndProject
Global
	GlobalSection(SolutionConfigurationPlatforms) = preSolution
		Debug|Any CPU = Debug|Any CPU
		Release|Any CPU = Release|Any CPU
	EndGlobalSection
	GlobalSection(ProjectConfigurationPlatforms) = postSolution
		{982715B9-BB77-4BFC-BA5A-64BDC1019B72}.Debug|Any CPU.ActiveCfg = Debug|Any CPU
		{982715B9-BB77-4BFC-BA5A-64BDC1019B72}.Debug|Any CPU.Build.0 = Debug|Any CPU
		{982715B9-BB77-4BFC-BA5A-64BDC1019B72}.Release|Any CPU.ActiveCfg = Release|Any CPU
		{982715B9-BB77-4BFC-BA5A-64BDC1019B72}.Release|Any CPU.Build.0 = Release|Any CPU
		{0036D21B-D590-402C-9CC6-099612879F42}.Debug|Any CPU.ActiveCfg = Debug|Any CPU
		{0036D21B-D590-402C-9CC6-099612879F42}.Debug|Any CPU.Build.0 = Debug|Any CPU
		{0036D21B-D590-402C-9CC6-099612879F42}.Release|Any CPU.ActiveCfg = Release|Any CPU
		{0036D21B-D590-402C-9CC6-099612879F42}.Release|Any CPU.Build.0 = Release|Any CPU
	EndGlobalSection
	GlobalSection(SolutionProperties) = preSolution
		HideSolutionNode = FALSE
	EndGlobalSection
	GlobalSection(NestedProjects) = preSolution
		{511C1A7E-1897-4845-8A5E-B21B5988AA37} = {2A35E943-DCCF-421F-8FD5-D13EE3AE907F}
		{982715B9-BB77-4BFC-BA5A-64BDC1019B72} = {511C1A7E-1897-4845-8A5E-B21B5988AA37}
	EndGlobalSection
	GlobalSection(ExtensibilityGlobals) = postSolution
		SolutionGuid = {84A66D28-46BF-47F2-B17B-606CD274C9FB}
	EndGlobalSection
EndGlobal
