
Microsoft Visual Studio Solution File, Format Version 12.00
# Visual Studio Version 16
VisualStudioVersion = 16.0.32002.261
MinimumVisualStudioVersion = 10.0.40219.1
Project("{2150E333-8FDC-42A3-9474-1A3956D46DE8}") = "Services", "Services", "{2A35E943-DCCF-421F-8FD5-D13EE3AE907F}"
EndProject
Project("{2150E333-8FDC-42A3-9474-1A3956D46DE8}") = "Catalog", "Catalog", "{511C1A7E-1897-4845-8A5E-B21B5988AA37}"
EndProject
Project("{9A19103F-16F7-4668-BE54-9A1E7A4F7556}") = "Catalog.API", "Services\Catalog\Catalog.API\Catalog.API.csproj", "{982715B9-BB77-4BFC-BA5A-64BDC1019B72}"
EndProject
Project("{E53339B2-1760-4266-BCC7-CA923CBCF16C}") = "docker-compose", "docker-compose.dcproj", "{0036D21B-D590-402C-9CC6-099612879F42}"
EndProject
Project("{2150E333-8FDC-42A3-9474-1A3956D46DE8}") = "Basket", "Basket", "{DFED008E-1DA6-4DED-BB59-77F4B7F80687}"
EndProject
Project("{9A19103F-16F7-4668-BE54-9A1E7A4F7556}") = "Basket.API", "Services\Basket\Basket.API\Basket.API.csproj", "{3CF61F15-6200-4606-832A-F9C6A126392E}"
EndProject
Project("{2150E333-8FDC-42A3-9474-1A3956D46DE8}") = "Discount", "Discount", "{6D12107C-D7FC-48A0-BF87-353F1CC7F5B0}"
EndProject
Project("{9A19103F-16F7-4668-BE54-9A1E7A4F7556}") = "Discount.API", "Services\Discount\Discount.API\Discount.API.csproj", "{CED85AE8-8224-42ED-B5DD-57B997D84D7E}"
EndProject
Project("{2150E333-8FDC-42A3-9474-1A3956D46DE8}") = "Ordering", "Ordering", "{357AA3BF-3F89-42BC-A4B1-A08A5466467A}"
EndProject
Project("{9A19103F-16F7-4668-BE54-9A1E7A4F7556}") = "Ordering.API", "Services\Ordering\Ordering.API\Ordering.API.csproj", "{BB35F6A8-86B4-43C2-A813-4C9F84D7C14B}"
EndProject
Project("{9A19103F-16F7-4668-BE54-9A1E7A4F7556}") = "Ordering.Domain", "Services\Ordering\Ordering.Domain\Ordering.Domain.csproj", "{EEE943F4-1D1D-4787-A4BF-2372F0C6C32D}"
EndProject
Project("{9A19103F-16F7-4668-BE54-9A1E7A4F7556}") = "Ordering.Application", "Services\Ordering\Ordering.Application\Ordering.Application.csproj", "{3AC41BCA-3420-4985-8198-A390D1D503C0}"
EndProject
Project("{9A19103F-16F7-4668-BE54-9A1E7A4F7556}") = "Ordering.Infrastructure", "Services\Ordering\Ordering.Infrastructure\Ordering.Infrastructure.csproj", "{CAE5C007-0865-489B-BA39-C3724D53DE3B}"
EndProject
Project("{2150E333-8FDC-42A3-9474-1A3956D46DE8}") = "BuildingBlocks", "BuildingBlocks", "{C0829877-836F-4417-809A-FA13EF3FA664}"
EndProject
Project("{FAE04EC0-301F-11D3-BF4B-00C04F79EFBC}") = "EventBus.Messages", "buildingBlocks\EventBus.Messages\EventBus.Messages.csproj", "{756B89E0-6B35-4420-B1B2-88888DF3C6C4}"
EndProject
Global
	GlobalSection(SolutionConfigurationPlatforms) = preSolution
		Debug|Any CPU = Debug|Any CPU
		Release|Any CPU = Release|Any CPU
	EndGlobalSection
	GlobalSection(ProjectConfigurationPlatforms) = postSolution
		{982715B9-BB77-4BFC-BA5A-64BDC1019B72}.Debug|Any CPU.ActiveCfg = Debug|Any CPU
		{982715B9-BB77-4BFC-BA5A-64BDC1019B72}.Debug|Any CPU.Build.0 = Debug|Any CPU
		{982715B9-BB77-4BFC-BA5A-64BDC1019B72}.Release|Any CPU.ActiveCfg = Release|Any CPU
		{982715B9-BB77-4BFC-BA5A-64BDC1019B72}.Release|Any CPU.Build.0 = Release|Any CPU
		{0036D21B-D590-402C-9CC6-099612879F42}.Debug|Any CPU.ActiveCfg = Debug|Any CPU
		{0036D21B-D590-402C-9CC6-099612879F42}.Debug|Any CPU.Build.0 = Debug|Any CPU
		{0036D21B-D590-402C-9CC6-099612879F42}.Release|Any CPU.ActiveCfg = Release|Any CPU
		{0036D21B-D590-402C-9CC6-099612879F42}.Release|Any CPU.Build.0 = Release|Any CPU
		{3CF61F15-6200-4606-832A-F9C6A126392E}.Debug|Any CPU.ActiveCfg = Debug|Any CPU
		{3CF61F15-6200-4606-832A-F9C6A126392E}.Debug|Any CPU.Build.0 = Debug|Any CPU
		{3CF61F15-6200-4606-832A-F9C6A126392E}.Release|Any CPU.ActiveCfg = Release|Any CPU
		{3CF61F15-6200-4606-832A-F9C6A126392E}.Release|Any CPU.Build.0 = Release|Any CPU
		{CED85AE8-8224-42ED-B5DD-57B997D84D7E}.Debug|Any CPU.ActiveCfg = Debug|Any CPU
		{CED85AE8-8224-42ED-B5DD-57B997D84D7E}.Debug|Any CPU.Build.0 = Debug|Any CPU
		{CED85AE8-8224-42ED-B5DD-57B997D84D7E}.Release|Any CPU.ActiveCfg = Release|Any CPU
		{CED85AE8-8224-42ED-B5DD-57B997D84D7E}.Release|Any CPU.Build.0 = Release|Any CPU
		{BB35F6A8-86B4-43C2-A813-4C9F84D7C14B}.Debug|Any CPU.ActiveCfg = Debug|Any CPU
		{BB35F6A8-86B4-43C2-A813-4C9F84D7C14B}.Debug|Any CPU.Build.0 = Debug|Any CPU
		{BB35F6A8-86B4-43C2-A813-4C9F84D7C14B}.Release|Any CPU.ActiveCfg = Release|Any CPU
		{BB35F6A8-86B4-43C2-A813-4C9F84D7C14B}.Release|Any CPU.Build.0 = Release|Any CPU
		{EEE943F4-1D1D-4787-A4BF-2372F0C6C32D}.Debug|Any CPU.ActiveCfg = Debug|Any CPU
		{EEE943F4-1D1D-4787-A4BF-2372F0C6C32D}.Debug|Any CPU.Build.0 = Debug|Any CPU
		{EEE943F4-1D1D-4787-A4BF-2372F0C6C32D}.Release|Any CPU.ActiveCfg = Release|Any CPU
		{EEE943F4-1D1D-4787-A4BF-2372F0C6C32D}.Release|Any CPU.Build.0 = Release|Any CPU
		{3AC41BCA-3420-4985-8198-A390D1D503C0}.Debug|Any CPU.ActiveCfg = Debug|Any CPU
		{3AC41BCA-3420-4985-8198-A390D1D503C0}.Debug|Any CPU.Build.0 = Debug|Any CPU
		{3AC41BCA-3420-4985-8198-A390D1D503C0}.Release|Any CPU.ActiveCfg = Release|Any CPU
		{3AC41BCA-3420-4985-8198-A390D1D503C0}.Release|Any CPU.Build.0 = Release|Any CPU
		{CAE5C007-0865-489B-BA39-C3724D53DE3B}.Debug|Any CPU.ActiveCfg = Debug|Any CPU
		{CAE5C007-0865-489B-BA39-C3724D53DE3B}.Debug|Any CPU.Build.0 = Debug|Any CPU
		{CAE5C007-0865-489B-BA39-C3724D53DE3B}.Release|Any CPU.ActiveCfg = Release|Any CPU
		{CAE5C007-0865-489B-BA39-C3724D53DE3B}.Release|Any CPU.Build.0 = Release|Any CPU
		{756B89E0-6B35-4420-B1B2-88888DF3C6C4}.Debug|Any CPU.ActiveCfg = Debug|Any CPU
		{756B89E0-6B35-4420-B1B2-88888DF3C6C4}.Debug|Any CPU.Build.0 = Debug|Any CPU
		{756B89E0-6B35-4420-B1B2-88888DF3C6C4}.Release|Any CPU.ActiveCfg = Release|Any CPU
		{756B89E0-6B35-4420-B1B2-88888DF3C6C4}.Release|Any CPU.Build.0 = Release|Any CPU
	EndGlobalSection
	GlobalSection(SolutionProperties) = preSolution
		HideSolutionNode = FALSE
	EndGlobalSection
	GlobalSection(NestedProjects) = preSolution
		{511C1A7E-1897-4845-8A5E-B21B5988AA37} = {2A35E943-DCCF-421F-8FD5-D13EE3AE907F}
		{982715B9-BB77-4BFC-BA5A-64BDC1019B72} = {511C1A7E-1897-4845-8A5E-B21B5988AA37}
		{DFED008E-1DA6-4DED-BB59-77F4B7F80687} = {2A35E943-DCCF-421F-8FD5-D13EE3AE907F}
		{3CF61F15-6200-4606-832A-F9C6A126392E} = {DFED008E-1DA6-4DED-BB59-77F4B7F80687}
		{6D12107C-D7FC-48A0-BF87-353F1CC7F5B0} = {2A35E943-DCCF-421F-8FD5-D13EE3AE907F}
		{CED85AE8-8224-42ED-B5DD-57B997D84D7E} = {6D12107C-D7FC-48A0-BF87-353F1CC7F5B0}
		{357AA3BF-3F89-42BC-A4B1-A08A5466467A} = {2A35E943-DCCF-421F-8FD5-D13EE3AE907F}
		{BB35F6A8-86B4-43C2-A813-4C9F84D7C14B} = {357AA3BF-3F89-42BC-A4B1-A08A5466467A}
		{EEE943F4-1D1D-4787-A4BF-2372F0C6C32D} = {357AA3BF-3F89-42BC-A4B1-A08A5466467A}
		{3AC41BCA-3420-4985-8198-A390D1D503C0} = {357AA3BF-3F89-42BC-A4B1-A08A5466467A}
		{CAE5C007-0865-489B-BA39-C3724D53DE3B} = {357AA3BF-3F89-42BC-A4B1-A08A5466467A}
		{756B89E0-6B35-4420-B1B2-88888DF3C6C4} = {C0829877-836F-4417-809A-FA13EF3FA664}
	EndGlobalSection
	GlobalSection(ExtensibilityGlobals) = postSolution
		SolutionGuid = {84A66D28-46BF-47F2-B17B-606CD274C9FB}
	EndGlobalSection
EndGlobal
